
Microsoft Visual Studio Solution File, Format Version 12.00
# Visual Studio Version 16
VisualStudioVersion = 16.0.30503.244
MinimumVisualStudioVersion = 10.0.40219.1
Project("{FAE04EC0-301F-11D3-BF4B-00C04F79EFBC}") = "AddressBook_JS", "AddressBook_JS.csproj", "{D57F3DD8-10B3-474E-891D-CD754D070D92}"
EndProject
Global
	GlobalSection(SolutionConfigurationPlatforms) = preSolution
		Debug|Any CPU = Debug|Any CPU
		Release|Any CPU = Release|Any CPU
	EndGlobalSection
	GlobalSection(ProjectConfigurationPlatforms) = postSolution
		{D57F3DD8-10B3-474E-891D-CD754D070D92}.Debug|Any CPU.ActiveCfg = Debug|Any CPU
		{D57F3DD8-10B3-474E-891D-CD754D070D92}.Debug|Any CPU.Build.0 = Debug|Any CPU
		{D57F3DD8-10B3-474E-891D-CD754D070D92}.Release|Any CPU.ActiveCfg = Release|Any CPU
		{D57F3DD8-10B3-474E-891D-CD754D070D92}.Release|Any CPU.Build.0 = Release|Any CPU
	EndGlobalSection
	GlobalSection(SolutionProperties) = preSolution
		HideSolutionNode = FALSE
	EndGlobalSection
	GlobalSection(ExtensibilityGlobals) = postSolution
		SolutionGuid = {4FC0D4C1-B186-4B0B-BBCD-8EE0DC036BDC}
	EndGlobalSection
EndGlobal
